Microsoft Visual Studio Solution File, Format Version 12.00
# Visual Studio Version 17
VisualStudioVersion = 17.0.31903.59
MinimumVisualStudioVersion = 10.0.40219.1
Project("{8BC9CEB8-8B4A-11D0-8D11-00A0C91BC942}") = "SmartEventViewer", "SmartEventViewer\SmartEventViewer.vcxproj", "{A1B2C3D4-E5F6-7A8B-9C0D-1E2F3A4B5C6D}"
EndProject
Project("{8BC9CEB8-8B4A-11D0-8D11-00A0C91BC942}") = "SmartEventViewerServer", "SmartEventViewerServer\SmartEventViewerServer.vcxproj", "{B2C3D4E5-F6A7-8B9C-0D1E-2F3A4B5C6D7E}"
EndProject
Project("{8BC9CEB8-8B4A-11D0-8D11-00A0C91BC942}") = "SmartEventViewerTests", "SmartEventViewerTests\SmartEventViewerTests.vcxproj", "{F1E2D3C4-B5A6-9788-7766-554433221100}"
EndProject
Project("{8BC9CEB8-8B4A-11D0-8D11-00A0C91BC942}") = "SmartEventViewerIntegrationTests", "SmartEventViewerIntegrationTests\SmartEventViewerIntegrationTests.vcxproj", "{C3D4E5F6-A7B8-9012-3456-7890ABCDEF12}"
EndProject
Global
	GlobalSection(SolutionConfigurationPlatforms) = preSolution
		Debug|x64 = Debug|x64
		Release|x64 = Release|x64
	EndGlobalSection
	GlobalSection(ProjectConfigurationPlatforms) = postSolution
		{A1B2C3D4-E5F6-7A8B-9C0D-1E2F3A4B5C6D}.Debug|x64.ActiveCfg = Debug|x64
		{A1B2C3D4-E5F6-7A8B-9C0D-1E2F3A4B5C6D}.Debug|x64.Build.0 = Debug|x64
		{A1B2C3D4-E5F6-7A8B-9C0D-1E2F3A4B5C6D}.Release|x64.ActiveCfg = Release|x64
		{A1B2C3D4-E5F6-7A8B-9C0D-1E2F3A4B5C6D}.Release|x64.Build.0 = Release|x64
		{B2C3D4E5-F6A7-8B9C-0D1E-2F3A4B5C6D7E}.Debug|x64.ActiveCfg = Debug|x64
		{B2C3D4E5-F6A7-8B9C-0D1E-2F3A4B5C6D7E}.Debug|x64.Build.0 = Debug|x64
		{B2C3D4E5-F6A7-8B9C-0D1E-2F3A4B5C6D7E}.Release|x64.ActiveCfg = Release|x64
		{B2C3D4E5-F6A7-8B9C-0D1E-2F3A4B5C6D7E}.Release|x64.Build.0 = Release|x64
		{F1E2D3C4-B5A6-9788-7766-554433221100}.Debug|x64.ActiveCfg = Debug|x64
		{F1E2D3C4-B5A6-9788-7766-554433221100}.Debug|x64.Build.0 = Debug|x64
		{F1E2D3C4-B5A6-9788-7766-554433221100}.Release|x64.ActiveCfg = Release|x64
		{F1E2D3C4-B5A6-9788-7766-554433221100}.Release|x64.Build.0 = Release|x64
		{C3D4E5F6-A7B8-9012-3456-7890ABCDEF12}.Debug|x64.ActiveCfg = Debug|x64
		{C3D4E5F6-A7B8-9012-3456-7890ABCDEF12}.Debug|x64.Build.0 = Debug|x64
		{C3D4E5F6-A7B8-9012-3456-7890ABCDEF12}.Release|x64.ActiveCfg = Release|x64
		{C3D4E5F6-A7B8-9012-3456-7890ABCDEF12}.Release|x64.Build.0 = Release|x64
	EndGlobalSection
EndGlobal
